
Microsoft Visual Studio Solution File, Format Version 12.00
# Visual Studio Version 17
VisualStudioVersion = 17.13.35828.75 d17.13
MinimumVisualStudioVersion = 10.0.40219.1
Project("{FAE04EC0-301F-11D3-BF4B-00C04F79EFBC}") = "ShopBanHoaLyly", "ShopBanHoaLyly.csproj", "{02A0AF48-60B7-4AC0-A85D-9EE005C5AC4E}"
EndProject
Global
	GlobalSection(SolutionConfigurationPlatforms) = preSolution
		Debug|Any CPU = Debug|Any CPU
		Release|Any CPU = Release|Any CPU
	EndGlobalSection
	GlobalSection(ProjectConfigurationPlatforms) = postSolution
		{02A0AF48-60B7-4AC0-A85D-9EE005C5AC4E}.Debug|Any CPU.ActiveCfg = Debug|Any CPU
		{02A0AF48-60B7-4AC0-A85D-9EE005C5AC4E}.Debug|Any CPU.Build.0 = Debug|Any CPU
		{02A0AF48-60B7-4AC0-A85D-9EE005C5AC4E}.Release|Any CPU.ActiveCfg = Release|Any CPU
		{02A0AF48-60B7-4AC0-A85D-9EE005C5AC4E}.Release|Any CPU.Build.0 = Release|Any CPU
	EndGlobalSection
	GlobalSection(SolutionProperties) = preSolution
		HideSolutionNode = FALSE
	EndGlobalSection
	GlobalSection(ExtensibilityGlobals) = postSolution
		SolutionGuid = {1596F775-E261-4C60-A25B-7DD5782FB29B}
	EndGlobalSection
EndGlobal
